<?xml version="1.0" encoding="utf-8"?>
<Project ToolsVersion="4.0" xmlns="http://schemas.microsoft.com/developer/msbuild/2003">
  <ItemGroup>
    <Filter Include="Исходные файлы">
      <UniqueIdentifier>{4FC737F1-C7A5-4376-A066-2A32D752A2FF}</UniqueIdentifier>
      <Extensions>cpp;c;cc;cxx;c++;cppm;ixx;def;odl;idl;hpj;bat;asm;asmx</Extensions>
    </Filter>
    <Filter Include="Файлы заголовков">
      <UniqueIdentifier>{93995380-89BD-4b04-88EB-625FBE52EBFB}</UniqueIdentifier>
      <Extensions>h;hh;hpp;hxx;h++;hm;inl;inc;ipp;xsd</Extensions>
    </Filter>
    <Filter Include="Файлы ресурсов">
      <UniqueIdentifier>{67DA6AB6-F800-4c08-8B7A-83BB121AAD01}</UniqueIdentifier>
      <Extensions>rc;ico;cur;bmp;dlg;rc2;rct;bin;rgs;gif;jpg;jpeg;jpe;resx;tiff;tif;png;wav;mfcribbon-ms</Extensions>
    </Filter>
    <Filter Include="Исходные файлы\Interface">
      <UniqueIdentifier>{ad36a370-e450-420d-a06e-498418156211}</UniqueIdentifier>
    </Filter>
    <Filter Include="Файлы заголовков\Interface">
      <UniqueIdentifier>{89219611-dc22-4530-8dfb-5aea5be1c355}</UniqueIdentifier>
    </Filter>
    <Filter Include="Исходные файлы\Logic">
      <UniqueIdentifier>{01bcb308-dc7d-4bbf-a881-2d7aa6d87c81}</UniqueIdentifier>
    </Filter>
    <Filter Include="Файлы заголовков\Logic">
      <UniqueIdentifier>{84849270-ec0a-43e7-9fe0-4263870aa709}</UniqueIdentifier>
    </Filter>
  </ItemGroup>
  <ItemGroup>
    <ClInclude Include="cApp.h">
      <Filter>Файлы заголовков\Interface</Filter>
    </ClInclude>
    <ClInclude Include="cMain.h">
      <Filter>Файлы заголовков\Interface</Filter>
    </ClInclude>
    <ClInclude Include="GamePanel.h">
      <Filter>Файлы заголовков\Interface</Filter>
    </ClInclude>
    <ClInclude Include="GuideTxt.h">
      <Filter>Файлы заголовков\Interface</Filter>
    </ClInclude>
    <ClInclude Include="GuideWindow.h">
      <Filter>Файлы заголовков\Interface</Filter>
    </ClInclude>
    <ClInclude Include="LeftPanel.h">
      <Filter>Файлы заголовков\Interface</Filter>
    </ClInclude>
    <ClInclude Include="MenuPanel.h">
      <Filter>Файлы заголовков\Interface</Filter>
    </ClInclude>
    <ClInclude Include="Music.h">
      <Filter>Файлы заголовков\Interface</Filter>
    </ClInclude>
    <ClInclude Include="resource.h">
      <Filter>Файлы заголовков\Interface</Filter>
    </ClInclude>
    <ClInclude Include="Card.h">
      <Filter>Файлы заголовков\Logic</Filter>
    </ClInclude>
    <ClInclude Include="Deck.h">
      <Filter>Файлы заголовков\Logic</Filter>
    </ClInclude>
    <ClInclude Include="GameProcess.h">
      <Filter>Файлы заголовков\Logic</Filter>
    </ClInclude>
    <ClInclude Include="Player.h">
      <Filter>Файлы заголовков\Logic</Filter>
    </ClInclude>
    <ClInclude Include="BackendController.h">
      <Filter>Файлы заголовков</Filter>
    </ClInclude>
  </ItemGroup>
  <ItemGroup>
    <ClCompile Include="cApp.cpp">
      <Filter>Исходные файлы\Interface</Filter>
    </ClCompile>
    <ClCompile Include="cMain.cpp">
      <Filter>Исходные файлы\Interface</Filter>
    </ClCompile>
    <ClCompile Include="GamePanel.cpp">
      <Filter>Исходные файлы\Interface</Filter>
    </ClCompile>
    <ClCompile Include="GuideWindow.cpp">
      <Filter>Исходные файлы\Interface</Filter>
    </ClCompile>
    <ClCompile Include="LeftPanel.cpp">
      <Filter>Исходные файлы\Interface</Filter>
    </ClCompile>
    <ClCompile Include="MenuPanel.cpp">
      <Filter>Исходные файлы\Interface</Filter>
    </ClCompile>
    <ClCompile Include="Card.cpp">
      <Filter>Исходные файлы\Logic</Filter>
    </ClCompile>
    <ClCompile Include="Deck.cpp">
      <Filter>Исходные файлы\Logic</Filter>
    </ClCompile>
    <ClCompile Include="GameProcess.cpp">
      <Filter>Исходные файлы\Logic</Filter>
    </ClCompile>
    <ClCompile Include="Player.cpp">
      <Filter>Исходные файлы\Logic</Filter>
    </ClCompile>
    <ClCompile Include="BackendController.cpp">
      <Filter>Исходные файлы</Filter>
    </ClCompile>
  </ItemGroup>
  <ItemGroup>
    <ResourceCompile Include="resource.rc">
      <Filter>Файлы ресурсов</Filter>
    </ResourceCompile>
  </ItemGroup>
</Project>